{
  "name": "Projects",
  "lockfileVersion": 3,
  "requires": true,
  "packages": {
    "": {
      "dependencies": {
        "@catppuccin/palette": "^1.7.1",
        "@tauri-apps/plugin-store": "^2.2.0"
      }
    },
    "node_modules/@catppuccin/palette": {
      "version": "1.7.1",
      "resolved": "https://registry.npmjs.org/@catppuccin/palette/-/palette-1.7.1.tgz",
      "integrity": "sha512-aRc1tbzrevOTV7nFTT9SRdF26w/MIwT4Jwt4fDMc9itRZUDXCuEDBLyz4TQMlqO9ZP8mf5Hu4Jr6D03NLFc6Gw==",
      "funding": [
        {
          "type": "opencollective",
          "url": "https://opencollective.com/catppuccin"
        },
        {
          "type": "github",
          "url": "https://github.com/sponsors/catppuccin"
        }
      ],
      "license": "MIT"
    },
    "node_modules/@tauri-apps/api": {
      "version": "2.5.0",
      "resolved": "https://registry.npmjs.org/@tauri-apps/api/-/api-2.5.0.tgz",
      "integrity": "sha512-Ldux4ip+HGAcPUmuLT8EIkk6yafl5vK0P0c0byzAKzxJh7vxelVtdPONjfgTm96PbN24yjZNESY8CKo8qniluA==",
      "license": "Apache-2.0 OR MIT",
      "funding": {
        "type": "opencollective",
        "url": "https://opencollective.com/tauri"
      }
    },
    "node_modules/@tauri-apps/plugin-store": {
      "version": "2.2.0",
      "resolved": "https://registry.npmjs.org/@tauri-apps/plugin-store/-/plugin-store-2.2.0.tgz",
      "integrity": "sha512-hJTRtuJis4w5fW1dkcgftsYxKXK0+DbAqurZ3CURHG5WkAyyZgbxpeYctw12bbzF9ZbZREXZklPq8mocCC3Sgg==",
      "license": "MIT OR Apache-2.0",
      "dependencies": {
        "@tauri-apps/api": "^2.0.0"
      }
    }
  }
}
